
Microsoft Visual Studio Solution File, Format Version 12.00
# Visual Studio Version 17
VisualStudioVersion = 17.5.002.0
MinimumVisualStudioVersion = 10.0.40219.1
Project("{9A19103F-16F7-4668-BE54-9A1E7A4F7556}") = "api", "api\api.csproj", "{9DEAC37E-52EC-4957-A707-7FB1DA41C739}"
EndProject
Global
	GlobalSection(SolutionConfigurationPlatforms) = preSolution
		Debug|Any CPU = Debug|Any CPU
		Release|Any CPU = Release|Any CPU
	EndGlobalSection
	GlobalSection(ProjectConfigurationPlatforms) = postSolution
		{9DEAC37E-52EC-4957-A707-7FB1DA41C739}.Debug|Any CPU.ActiveCfg = Debug|Any CPU
		{9DEAC37E-52EC-4957-A707-7FB1DA41C739}.Debug|Any CPU.Build.0 = Debug|Any CPU
		{9DEAC37E-52EC-4957-A707-7FB1DA41C739}.Release|Any CPU.ActiveCfg = Release|Any CPU
		{9DEAC37E-52EC-4957-A707-7FB1DA41C739}.Release|Any CPU.Build.0 = Release|Any CPU
	EndGlobalSection
	GlobalSection(SolutionProperties) = preSolution
		HideSolutionNode = FALSE
	EndGlobalSection
	GlobalSection(ExtensibilityGlobals) = postSolution
		SolutionGuid = {2781EC16-7ABF-452D-97BA-16A3AFAEFF91}
	EndGlobalSection
EndGlobal
